
Microsoft Visual Studio Solution File, Format Version 12.00
# Visual Studio 15
VisualStudioVersion = 15.0.28010.2048
MinimumVisualStudioVersion = 10.0.40219.1
Project("{FAE04EC0-301F-11D3-BF4B-00C04F79EFBC}") = "C20_ Ex2", "C20_ Ex2.csproj", "{01C531BE-4C98-4195-BCF0-56612E9DACDD}"
EndProject
Global
	GlobalSection(SolutionConfigurationPlatforms) = preSolution
		Debug|Any CPU = Debug|Any CPU
		Release|Any CPU = Release|Any CPU
	EndGlobalSection
	GlobalSection(ProjectConfigurationPlatforms) = postSolution
		{01C531BE-4C98-4195-BCF0-56612E9DACDD}.Debug|Any CPU.ActiveCfg = Debug|Any CPU
		{01C531BE-4C98-4195-BCF0-56612E9DACDD}.Debug|Any CPU.Build.0 = Debug|Any CPU
		{01C531BE-4C98-4195-BCF0-56612E9DACDD}.Release|Any CPU.ActiveCfg = Release|Any CPU
		{01C531BE-4C98-4195-BCF0-56612E9DACDD}.Release|Any CPU.Build.0 = Release|Any CPU
	EndGlobalSection
	GlobalSection(SolutionProperties) = preSolution
		HideSolutionNode = FALSE
	EndGlobalSection
	GlobalSection(ExtensibilityGlobals) = postSolution
		SolutionGuid = {84F17965-D709-40D0-AB8B-EA79BAFD83D3}
	EndGlobalSection
EndGlobal
